
Microsoft Visual Studio Solution File, Format Version 12.00
# Visual Studio Version 17
VisualStudioVersion = 17.1.32228.430
MinimumVisualStudioVersion = 10.0.40219.1
Project("{FAE04EC0-301F-11D3-BF4B-00C04F79EFBC}") = "FOREIGN_KEY_And_Navigation_Property", "FOREIGN_KEY_And_Navigation_Property\FOREIGN_KEY_And_Navigation_Property.csproj", "{72C9A2EB-ABAD-4C82-ACC6-D4E9A23C485B}"
EndProject
Project("{FAE04EC0-301F-11D3-BF4B-00C04F79EFBC}") = "Foreign_Key_Setup", "Foreign_Key_Setup\Foreign_Key_Setup.csproj", "{19185DD1-B418-461D-8E8E-979E29C378C4}"
EndProject
Global
	GlobalSection(SolutionConfigurationPlatforms) = preSolution
		Debug|Any CPU = Debug|Any CPU
		Release|Any CPU = Release|Any CPU
	EndGlobalSection
	GlobalSection(ProjectConfigurationPlatforms) = postSolution
		{72C9A2EB-ABAD-4C82-ACC6-D4E9A23C485B}.Debug|Any CPU.ActiveCfg = Debug|Any CPU
		{72C9A2EB-ABAD-4C82-ACC6-D4E9A23C485B}.Debug|Any CPU.Build.0 = Debug|Any CPU
		{72C9A2EB-ABAD-4C82-ACC6-D4E9A23C485B}.Release|Any CPU.ActiveCfg = Release|Any CPU
		{72C9A2EB-ABAD-4C82-ACC6-D4E9A23C485B}.Release|Any CPU.Build.0 = Release|Any CPU
		{19185DD1-B418-461D-8E8E-979E29C378C4}.Debug|Any CPU.ActiveCfg = Debug|Any CPU
		{19185DD1-B418-461D-8E8E-979E29C378C4}.Debug|Any CPU.Build.0 = Debug|Any CPU
		{19185DD1-B418-461D-8E8E-979E29C378C4}.Release|Any CPU.ActiveCfg = Release|Any CPU
		{19185DD1-B418-461D-8E8E-979E29C378C4}.Release|Any CPU.Build.0 = Release|Any CPU
	EndGlobalSection
	GlobalSection(SolutionProperties) = preSolution
		HideSolutionNode = FALSE
	EndGlobalSection
	GlobalSection(ExtensibilityGlobals) = postSolution
		SolutionGuid = {F58B5AA3-8F0C-4AF4-A975-40E44C2316E3}
	EndGlobalSection
EndGlobal
